
Microsoft Visual Studio Solution File, Format Version 12.00
# Visual Studio Version 16
VisualStudioVersion = 16.0.31019.35
MinimumVisualStudioVersion = 10.0.40219.1
Project("{FAE04EC0-301F-11D3-BF4B-00C04F79EFBC}") = "dotnet_rpg", "dotnet_rpg.csproj", "{C0578B51-AEDC-472B-B044-7060F0A21343}"
EndProject
Global
	GlobalSection(SolutionConfigurationPlatforms) = preSolution
		Debug|Any CPU = Debug|Any CPU
		Release|Any CPU = Release|Any CPU
	EndGlobalSection
	GlobalSection(ProjectConfigurationPlatforms) = postSolution
		{C0578B51-AEDC-472B-B044-7060F0A21343}.Debug|Any CPU.ActiveCfg = Debug|Any CPU
		{C0578B51-AEDC-472B-B044-7060F0A21343}.Debug|Any CPU.Build.0 = Debug|Any CPU
		{C0578B51-AEDC-472B-B044-7060F0A21343}.Release|Any CPU.ActiveCfg = Release|Any CPU
		{C0578B51-AEDC-472B-B044-7060F0A21343}.Release|Any CPU.Build.0 = Release|Any CPU
	EndGlobalSection
	GlobalSection(SolutionProperties) = preSolution
		HideSolutionNode = FALSE
	EndGlobalSection
	GlobalSection(ExtensibilityGlobals) = postSolution
		SolutionGuid = {DB78B77A-A0C5-4972-BC1B-31B16CF69070}
	EndGlobalSection
EndGlobal
